
Microsoft Visual Studio Solution File, Format Version 12.00
# Visual Studio 2013
VisualStudioVersion = 12.0.30723.0
MinimumVisualStudioVersion = 10.0.40219.1
Project("{FAE04EC0-301F-11D3-BF4B-00C04F79EFBC}") = "Professional.Models", "Professional.Models\Professional.Models.csproj", "{32231FBE-2402-4D27-921B-52AB316F3EB0}"
EndProject
Project("{FAE04EC0-301F-11D3-BF4B-00C04F79EFBC}") = "Professional.Data", "Professional.Data\Professional.Data.csproj", "{F1A77609-38B3-4189-A8F8-ADD0DF8097E4}"
EndProject
Project("{FAE04EC0-301F-11D3-BF4B-00C04F79EFBC}") = "Professional.Web", "Professional.Web\Professional.Web.csproj", "{6038C740-476E-4EFB-9BAD-2D5AF2683148}"
EndProject
Project("{FAE04EC0-301F-11D3-BF4B-00C04F79EFBC}") = "Professional.Common", "Professional.Common\Professional.Common.csproj", "{38C3DBC9-5A73-4039-AC05-85FA128418B6}"
EndProject
Project("{FAE04EC0-301F-11D3-BF4B-00C04F79EFBC}") = "Professional.Contracts", "Professional.Contracts\Professional.Contracts.csproj", "{4CA1F0F9-414C-4866-91C8-C1C5E8CCDE3A}"
EndProject
Global
	GlobalSection(SolutionConfigurationPlatforms) = preSolution
		Debug|Any CPU = Debug|Any CPU
		Release|Any CPU = Release|Any CPU
	EndGlobalSection
	GlobalSection(ProjectConfigurationPlatforms) = postSolution
		{32231FBE-2402-4D27-921B-52AB316F3EB0}.Debug|Any CPU.ActiveCfg = Debug|Any CPU
		{32231FBE-2402-4D27-921B-52AB316F3EB0}.Debug|Any CPU.Build.0 = Debug|Any CPU
		{32231FBE-2402-4D27-921B-52AB316F3EB0}.Release|Any CPU.ActiveCfg = Release|Any CPU
		{32231FBE-2402-4D27-921B-52AB316F3EB0}.Release|Any CPU.Build.0 = Release|Any CPU
		{F1A77609-38B3-4189-A8F8-ADD0DF8097E4}.Debug|Any CPU.ActiveCfg = Debug|Any CPU
		{F1A77609-38B3-4189-A8F8-ADD0DF8097E4}.Debug|Any CPU.Build.0 = Debug|Any CPU
		{F1A77609-38B3-4189-A8F8-ADD0DF8097E4}.Release|Any CPU.ActiveCfg = Release|Any CPU
		{F1A77609-38B3-4189-A8F8-ADD0DF8097E4}.Release|Any CPU.Build.0 = Release|Any CPU
		{6038C740-476E-4EFB-9BAD-2D5AF2683148}.Debug|Any CPU.ActiveCfg = Debug|Any CPU
		{6038C740-476E-4EFB-9BAD-2D5AF2683148}.Debug|Any CPU.Build.0 = Debug|Any CPU
		{6038C740-476E-4EFB-9BAD-2D5AF2683148}.Release|Any CPU.ActiveCfg = Release|Any CPU
		{6038C740-476E-4EFB-9BAD-2D5AF2683148}.Release|Any CPU.Build.0 = Release|Any CPU
		{38C3DBC9-5A73-4039-AC05-85FA128418B6}.Debug|Any CPU.ActiveCfg = Debug|Any CPU
		{38C3DBC9-5A73-4039-AC05-85FA128418B6}.Debug|Any CPU.Build.0 = Debug|Any CPU
		{38C3DBC9-5A73-4039-AC05-85FA128418B6}.Release|Any CPU.ActiveCfg = Release|Any CPU
		{38C3DBC9-5A73-4039-AC05-85FA128418B6}.Release|Any CPU.Build.0 = Release|Any CPU
		{4CA1F0F9-414C-4866-91C8-C1C5E8CCDE3A}.Debug|Any CPU.ActiveCfg = Debug|Any CPU
		{4CA1F0F9-414C-4866-91C8-C1C5E8CCDE3A}.Debug|Any CPU.Build.0 = Debug|Any CPU
		{4CA1F0F9-414C-4866-91C8-C1C5E8CCDE3A}.Release|Any CPU.ActiveCfg = Release|Any CPU
		{4CA1F0F9-414C-4866-91C8-C1C5E8CCDE3A}.Release|Any CPU.Build.0 = Release|Any CPU
	EndGlobalSection
	GlobalSection(SolutionProperties) = preSolution
		HideSolutionNode = FALSE
	EndGlobalSection
EndGlobal
